// !$*UTF8*$!
{
	archiveVersion = 1;
	classes = {
	};
	objectVersion = 48;
	objects = {

/* Begin PBXBuildFile section */
		B68B97F9207FDBAD005EC2B0 /* AppDelegate.swift in Sources */ = {isa = PBXBuildFile; fileRef = B68B97F8207FDBAD005EC2B0 /* AppDelegate.swift */; };
		B68B97FB207FDBAD005EC2B0 /* ViewController.swift in Sources */ = {isa = PBXBuildFile; fileRef = B68B97FA207FDBAD005EC2B0 /* ViewController.swift */; };
		B68B97FE207FDBAD005EC2B0 /* Main.storyboard in Resources */ = {isa = PBXBuildFile; fileRef = B68B97FC207FDBAD005EC2B0 /* Main.storyboard */; };
		B68B9800207FDBAD005EC2B0 /* Assets.xcassets in Resources */ = {isa = PBXBuildFile; fileRef = B68B97FF207FDBAD005EC2B0 /* Assets.xcassets */; };
		B68B9803207FDBAD005EC2B0 /* LaunchScreen.storyboard in Resources */ = {isa = PBXBuildFile; fileRef = B68B9801207FDBAD005EC2B0 /* LaunchScreen.storyboard */; };
		B68B980E207FDBAE005EC2B0 /* HelloWorldTests.swift in Sources */ = {isa = PBXBuildFile; fileRef = B68B980D207FDBAE005EC2B0 /* HelloWorldTests.swift */; };
		B68B9819207FDBAE005EC2B0 /* HelloWorldUITests.swift in Sources */ = {isa = PBXBuildFile; fileRef = B68B9818207FDBAE005EC2B0 /* HelloWorldUITests.swift */; };
		B68B9827207FE1F1005EC2B0 /* .gitignore in Resources */ = {isa = PBXBuildFile; fileRef = B68B9826207FE1F1005EC2B0 /* .gitignore */; };
/* End PBXBuildFile section */

/* Begin PBXContainerItemProxy section */
		B68B980A207FDBAE005EC2B0 /* PBXContainerItemProxy */ = {
			isa = PBXContainerItemProxy;
			containerPortal = B68B97ED207FDBAD005EC2B0 /* Project object */;
			proxyType = 1;
			remoteGlobalIDString = B68B97F4207FDBAD005EC2B0;
			remoteInfo = HelloWorld;
		};
		B68B9815207FDBAE005EC2B0 /* PBXContainerItemProxy */ = {
			isa = PBXContainerItemProxy;
			containerPortal = B68B97ED207FDBAD005EC2B0 /* Project object */;
			proxyType = 1;
			remoteGlobalIDString = B68B97F4207FDBAD005EC2B0;
			remoteInfo = HelloWorld;
		};
/* End PBXContainerItemProxy section */

/* Begin PBXFileReference section */
		B68B97F5207FDBAD005EC2B0 /* HelloWorld.app */ = {isa = PBXFileReference; explicitFileType = wrapper.application; includeInIndex = 0; path = HelloWorld.app; sourceTree = BUILT_PRODUCTS_DIR; };
		B68B97F8207FDBAD005EC2B0 /* AppDelegate.swift */ = {isa = PBXFileReference; lastKnownFileType = sourcecode.swift; path = AppDelegate.swift; sourceTree = "<group>"; };
		B68B97FA207FDBAD005EC2B0 /* ViewController.swift */ = {isa = PBXFileReference; lastKnownFileType = sourcecode.swift; path = ViewController.swift; sourceTree = "<group>"; };
		B68B97FD207FDBAD005EC2B0 /* Base */ = {isa = PBXFileReference; lastKnownFileType = file.storyboard; name = Base; path = Base.lproj/Main.storyboard; sourceTree = "<group>"; };
		B68B97FF207FDBAD005EC2B0 /* Assets.xcassets */ = {isa = PBXFileReference; lastKnownFileType = folder.assetcatalog; path = Assets.xcassets; sourceTree = "<group>"; };
		B68B9802207FDBAD005EC2B0 /* Base */ = {isa = PBXFileReference; lastKnownFileType = file.storyboard; name = Base; path = Base.lproj/LaunchScreen.storyboard; sourceTree = "<group>"; };
		B68B9804207FDBAD005EC2B0 /* Info.plist */ = {isa = PBXFileReference; lastKnownFileType = text.plist.xml; path = Info.plist; sourceTree = "<group>"; };
		B68B9809207FDBAE005EC2B0 /* HelloWorldTests.xctest */ = {isa = PBXFileReference; explicitFileType = wrapper.cfbundle; includeInIndex = 0; path = HelloWorldTests.xctest; sourceTree = BUILT_PRODUCTS_DIR; };
		B68B980D207FDBAE005EC2B0 /* HelloWorldTests.swift */ = {isa = PBXFileReference; lastKnownFileType = sourcecode.swift; path = HelloWorldTests.swift; sourceTree = "<group>"; };
		B68B980F207FDBAE005EC2B0 /* Info.plist */ = {isa = PBXFileReference; lastKnownFileType = text.plist.xml; path = Info.plist; sourceTree = "<group>"; };
		B68B9814207FDBAE005EC2B0 /* HelloWorldUITests.xctest */ = {isa = PBXFileReference; explicitFileType = wrapper.cfbundle; includeInIndex = 0; path = HelloWorldUITests.xctest; sourceTree = BUILT_PRODUCTS_DIR; };
		B68B9818207FDBAE005EC2B0 /* HelloWorldUITests.swift */ = {isa = PBXFileReference; lastKnownFileType = sourcecode.swift; path = HelloWorldUITests.swift; sourceTree = "<group>"; };
		B68B981A207FDBAE005EC2B0 /* Info.plist */ = {isa = PBXFileReference; lastKnownFileType = text.plist.xml; path = Info.plist; sourceTree = "<group>"; };
		B68B9826207FE1F1005EC2B0 /* .gitignore */ = {isa = PBXFileReference; lastKnownFileType = text; path = .gitignore; sourceTree = "<group>"; };
/* End PBXFileReference section */

/* Begin PBXFrameworksBuildPhase section */
		B68B97F2207FDBAD005EC2B0 /* Frameworks */ = {
			isa = PBXFrameworksBuildPhase;
			buildActionMask = 2147483647;
			files = (
			);
			runOnlyForDeploymentPostprocessing = 0;
		};
		B68B9806207FDBAE005EC2B0 /* Frameworks */ = {
			isa = PBXFrameworksBuildPhase;
			buildActionMask = 2147483647;
			files = (
			);
			runOnlyForDeploymentPostprocessing = 0;
		};
		B68B9811207FDBAE005EC2B0 /* Frameworks */ = {
			isa = PBXFrameworksBuildPhase;
			buildActionMask = 2147483647;
			files = (
			);
			runOnlyForDeploymentPostprocessing = 0;
		};
/* End PBXFrameworksBuildPhase section */

/* Begin PBXGroup section */
		B68B97EC207FDBAD005EC2B0 = {
			isa = PBXGroup;
			children = (
				B68B9826207FE1F1005EC2B0 /* .gitignore */,
				B68B97F7207FDBAD005EC2B0 /* HelloWorld */,
				B68B980C207FDBAE005EC2B0 /* HelloWorldTests */,
				B68B9817207FDBAE005EC2B0 /* HelloWorldUITests */,
				B68B97F6207FDBAD005EC2B0 /* Products */,
			);
			sourceTree = "<group>";
		};
		B68B97F6207FDBAD005EC2B0 /* Products */ = {
			isa = PBXGroup;
			children = (
				B68B97F5207FDBAD005EC2B0 /* HelloWorld.app */,
				B68B9809207FDBAE005EC2B0 /* HelloWorldTests.xctest */,
				B68B9814207FDBAE005EC2B0 /* HelloWorldUITests.xctest */,
			);
			name = Products;
			sourceTree = "<group>";
		};
		B68B97F7207FDBAD005EC2B0 /* HelloWorld */ = {
			isa = PBXGroup;
			children = (
				B68B97F8207FDBAD005EC2B0 /* AppDelegate.swift */,
				B68B97FA207FDBAD005EC2B0 /* ViewController.swift */,
				B68B97FC207FDBAD005EC2B0 /* Main.storyboard */,
				B68B97FF207FDBAD005EC2B0 /* Assets.xcassets */,
				B68B9801207FDBAD005EC2B0 /* LaunchScreen.storyboard */,
				B68B9804207FDBAD005EC2B0 /* Info.plist */,
			);
			path = HelloWorld;
			sourceTree = "<group>";
		};
		B68B980C207FDBAE005EC2B0 /* HelloWorldTests */ = {
			isa = PBXGroup;
			children = (
				B68B980D207FDBAE005EC2B0 /* HelloWorldTests.swift */,
				B68B980F207FDBAE005EC2B0 /* Info.plist */,
			);
			path = HelloWorldTests;
			sourceTree = "<group>";
		};
		B68B9817207FDBAE005EC2B0 /* HelloWorldUITests */ = {
			isa = PBXGroup;
			children = (
				B68B9818207FDBAE005EC2B0 /* HelloWorldUITests.swift */,
				B68B981A207FDBAE005EC2B0 /* Info.plist */,
			);
			path = HelloWorldUITests;
			sourceTree = "<group>";
		};
/* End PBXGroup section */

/* Begin PBXNativeTarget section */
		B68B97F4207FDBAD005EC2B0 /* HelloWorld */ = {
			isa = PBXNativeTarget;
			buildConfigurationList = B68B981D207FDBAE005EC2B0 /* Build configuration list for PBXNativeTarget "HelloWorld" */;
			buildPhases = (
				B68B97F1207FDBAD005EC2B0 /* Sources */,
				B68B97F2207FDBAD005EC2B0 /* Frameworks */,
				B68B97F3207FDBAD005EC2B0 /* Resources */,
			);
			buildRules = (
			);
			dependencies = (
			);
			name = HelloWorld;
			productName = HelloWorld;
			productReference = B68B97F5207FDBAD005EC2B0 /* HelloWorld.app */;
			productType = "com.apple.product-type.application";
		};
		B68B9808207FDBAE005EC2B0 /* HelloWorldTests */ = {
			isa = PBXNativeTarget;
			buildConfigurationList = B68B9820207FDBAE005EC2B0 /* Build configuration list for PBXNativeTarget "HelloWorldTests" */;
			buildPhases = (
				B68B9805207FDBAE005EC2B0 /* Sources */,
				B68B9806207FDBAE005EC2B0 /* Frameworks */,
				B68B9807207FDBAE005EC2B0 /* Resources */,
			);
			buildRules = (
			);
			dependencies = (
				B68B980B207FDBAE005EC2B0 /* PBXTargetDependency */,
			);
			name = HelloWorldTests;
			productName = HelloWorldTests;
			productReference = B68B9809207FDBAE005EC2B0 /* HelloWorldTests.xctest */;
			productType = "com.apple.product-type.bundle.unit-test";
		};
		B68B9813207FDBAE005EC2B0 /* HelloWorldUITests */ = {
			isa = PBXNativeTarget;
			buildConfigurationList = B68B9823207FDBAE005EC2B0 /* Build configuration list for PBXNativeTarget "HelloWorldUITests" */;
			buildPhases = (
				B68B9810207FDBAE005EC2B0 /* Sources */,
				B68B9811207FDBAE005EC2B0 /* Frameworks */,
				B68B9812207FDBAE005EC2B0 /* Resources */,
			);
			buildRules = (
			);
			dependencies = (
				B68B9816207FDBAE005EC2B0 /* PBXTargetDependency */,
			);
			name = HelloWorldUITests;
			productName = HelloWorldUITests;
			productReference = B68B9814207FDBAE005EC2B0 /* HelloWorldUITests.xctest */;
			productType = "com.apple.product-type.bundle.ui-testing";
		};
/* End PBXNativeTarget section */

/* Begin PBXProject section */
		B68B97ED207FDBAD005EC2B0 /* Project object */ = {
			isa = PBXProject;
			attributes = {
				LastSwiftUpdateCheck = 0920;
				LastUpgradeCheck = 0920;
				ORGANIZATIONNAME = "Parth Makadiya";
				TargetAttributes = {
					B68B97F4207FDBAD005EC2B0 = {
						CreatedOnToolsVersion = 9.2;
						ProvisioningStyle = Automatic;
					};
					B68B9808207FDBAE005EC2B0 = {
						CreatedOnToolsVersion = 9.2;
						ProvisioningStyle = Automatic;
						TestTargetID = B68B97F4207FDBAD005EC2B0;
					};
					B68B9813207FDBAE005EC2B0 = {
						CreatedOnToolsVersion = 9.2;
						ProvisioningStyle = Automatic;
						TestTargetID = B68B97F4207FDBAD005EC2B0;
					};
				};
			};
			buildConfigurationList = B68B97F0207FDBAD005EC2B0 /* Build configuration list for PBXProject "HelloWorld" */;
			compatibilityVersion = "Xcode 8.0";
			developmentRegion = en;
			hasScannedForEncodings = 0;
			knownRegions = (
				en,
				Base,
			);
			mainGroup = B68B97EC207FDBAD005EC2B0;
			productRefGroup = B68B97F6207FDBAD005EC2B0 /* Products */;
			projectDirPath = "";
			projectRoot = "";
			targets = (
				B68B97F4207FDBAD005EC2B0 /* HelloWorld */,
				B68B9808207FDBAE005EC2B0 /* HelloWorldTests */,
				B68B9813207FDBAE005EC2B0 /* HelloWorldUITests */,
			);
		};
/* End PBXProject section */

/* Begin PBXResourcesBuildPhase section */
		B68B97F3207FDBAD005EC2B0 /* Resources */ = {
			isa = PBXResourcesBuildPhase;
			buildActionMask = 2147483647;
			files = (
				B68B9827207FE1F1005EC2B0 /* .gitignore in Resources */,
				B68B9803207FDBAD005EC2B0 /* LaunchScreen.storyboard in Resources */,
				B68B9800207FDBAD005EC2B0 /* Assets.xcassets in Resources */,
				B68B97FE207FDBAD005EC2B0 /* Main.storyboard in Resources */,
			);
			runOnlyForDeploymentPostprocessing = 0;
		};
		B68B9807207FDBAE005EC2B0 /* Resources */ = {
			isa = PBXResourcesBuildPhase;
			buildActionMask = 2147483647;
			files = (
			);
			runOnlyForDeploymentPostprocessing = 0;
		};
		B68B9812207FDBAE005EC2B0 /* Resources */ = {
			isa = PBXResourcesBuildPhase;
			buildActionMask = 2147483647;
			files = (
			);
			runOnlyForDeploymentPostprocessing = 0;
		};
/* End PBXResourcesBuildPhase section */

/* Begin PBXSourcesBuildPhase section */
		B68B97F1207FDBAD005EC2B0 /* Sources */ = {
			isa = PBXSourcesBuildPhase;
			buildActionMask = 2147483647;
			files = (
				B68B97FB207FDBAD005EC2B0 /* ViewController.swift in Sources */,
				B68B97F9207FDBAD005EC2B0 /* AppDelegate.swift in Sources */,
			);
			runOnlyForDeploymentPostprocessing = 0;
		};
		B68B9805207FDBAE005EC2B0 /* Sources */ = {
			isa = PBXSourcesBuildPhase;
			buildActionMask = 2147483647;
			files = (
				B68B980E207FDBAE005EC2B0 /* HelloWorldTests.swift in Sources */,
			);
			runOnlyForDeploymentPostprocessing = 0;
		};
		B68B9810207FDBAE005EC2B0 /* Sources */ = {
			isa = PBXSourcesBuildPhase;
			buildActionMask = 2147483647;
			files = (
				B68B9819207FDBAE005EC2B0 /* HelloWorldUITests.swift in Sources */,
			);
			runOnlyForDeploymentPostprocessing = 0;
		};
/* End PBXSourcesBuildPhase section */

/* Begin PBXTargetDependency section */
		B68B980B207FDBAE005EC2B0 /* PBXTargetDependency */ = {
			isa = PBXTargetDependency;
			target = B68B97F4207FDBAD005EC2B0 /* HelloWorld */;
			targetProxy = B68B980A207FDBAE005EC2B0 /* PBXContainerItemProxy */;
		};
		B68B9816207FDBAE005EC2B0 /* PBXTargetDependency */ = {
			isa = PBXTargetDependency;
			target = B68B97F4207FDBAD005EC2B0 /* HelloWorld */;
			targetProxy = B68B9815207FDBAE005EC2B0 /* PBXContainerItemProxy */;
		};
/* End PBXTargetDependency section */

/* Begin PBXVariantGroup section */
		B68B97FC207FDBAD005EC2B0 /* Main.storyboard */ = {
			isa = PBXVariantGroup;
			children = (
				B68B97FD207FDBAD005EC2B0 /* Base */,
			);
			name = Main.storyboard;
			sourceTree = "<group>";
		};
		B68B9801207FDBAD005EC2B0 /* LaunchScreen.storyboard */ = {
			isa = PBXVariantGroup;
			children = (
				B68B9802207FDBAD005EC2B0 /* Base */,
			);
			name = LaunchScreen.storyboard;
			sourceTree = "<group>";
		};
/* End PBXVariantGroup section */

/* Begin XCBuildConfiguration section */
		B68B981B207FDBAE005EC2B0 /* Debug */ = {
			isa = XCBuildConfiguration;
			buildSettings = {
				ALWAYS_SEARCH_USER_PATHS = NO;
				CLANG_ANALYZER_NONNULL = YES;
				CLANG_ANALYZER_NUMBER_OBJECT_CONVERSION = YES_AGGRESSIVE;
				CLANG_CXX_LANGUAGE_STANDARD = "gnu++14";
				CLANG_CXX_LIBRARY = "libc++";
				CLANG_ENABLE_MODULES = YES;
				CLANG_ENABLE_OBJC_ARC = YES;
				CLANG_WARN_BLOCK_CAPTURE_AUTORELEASING = YES;
				CLANG_WARN_BOOL_CONVERSION = YES;
				CLANG_WARN_COMMA = YES;
				CLANG_WARN_CONSTANT_CONVERSION = YES;
				CLANG_WARN_DIRECT_OBJC_ISA_USAGE = YES_ERROR;
				CLANG_WARN_DOCUMENTATION_COMMENTS = YES;
				CLANG_WARN_EMPTY_BODY = YES;
				CLANG_WARN_ENUM_CONVERSION = YES;
				CLANG_WARN_INFINITE_RECURSION = YES;
				CLANG_WARN_INT_CONVERSION = YES;
				CLANG_WARN_NON_LITERAL_NULL_CONVERSION = YES;
				CLANG_WARN_OBJC_LITERAL_CONVERSION = YES;
				CLANG_WARN_OBJC_ROOT_CLASS = YES_ERROR;
				CLANG_WARN_RANGE_LOOP_ANALYSIS = YES;
				CLANG_WARN_STRICT_PROTOTYPES = YES;
				CLANG_WARN_SUSPICIOUS_MOVE = YES;
				CLANG_WARN_UNGUARDED_AVAILABILITY = YES_AGGRESSIVE;
				CLANG_WARN_UNREACHABLE_CODE = YES;
				CLANG_WARN__DUPLICATE_METHOD_MATCH = YES;
				CODE_SIGN_IDENTITY = "iPhone Developer";
				COPY_PHASE_STRIP = NO;
				DEBUG_INFORMATION_FORMAT = dwarf;
				ENABLE_STRICT_OBJC_MSGSEND = YES;
				ENABLE_TESTABILITY = YES;
				GCC_C_LANGUAGE_STANDARD = gnu11;
				GCC_DYNAMIC_NO_PIC = NO;
				GCC_NO_COMMON_BLOCKS = YES;
				GCC_OPTIMIZATION_LEVEL = 0;
				GCC_PREPROCESSOR_DEFINITIONS = (
					"DEBUG=1",
					"$(inherited)",
				);
				GCC_WARN_64_TO_32_BIT_CONVERSION = YES;
				GCC_WARN_ABOUT_RETURN_TYPE = YES_ERROR;
				GCC_WARN_UNDECLARED_SELECTOR = YES;
				GCC_WARN_UNINITIALIZED_AUTOS = YES_AGGRESSIVE;
				GCC_WARN_UNUSED_FUNCTION = YES;
				GCC_WARN_UNUSED_VARIABLE = YES;
				IPHONEOS_DEPLOYMENT_TARGET = 11.2;
				MTL_ENABLE_DEBUG_INFO = YES;
				ONLY_ACTIVE_ARCH = YES;
				SDKROOT = iphoneos;
				SWIFT_ACTIVE_COMPILATION_CONDITIONS = DEBUG;
				SWIFT_OPTIMIZATION_LEVEL = "-Onone";
			};
			name = Debug;
		};
		B68B981C207FDBAE005EC2B0 /* Release */ = {
			isa = XCBuildConfiguration;
			buildSettings = {
				ALWAYS_SEARCH_USER_PATHS = NO;
				CLANG_ANALYZER_NONNULL = YES;
				CLANG_ANALYZER_NUMBER_OBJECT_CONVERSION = YES_AGGRESSIVE;
				CLANG_CXX_LANGUAGE_STANDARD = "gnu++14";
				CLANG_CXX_LIBRARY = "libc++";
				CLANG_ENABLE_MODULES = YES;
				CLANG_ENABLE_OBJC_ARC = YES;
				CLANG_WARN_BLOCK_CAPTURE_AUTORELEASING = YES;
				CLANG_WARN_BOOL_CONVERSION = YES;
				CLANG_WARN_COMMA = YES;
				CLANG_WARN_CONSTANT_CONVERSION = YES;
				CLANG_WARN_DIRECT_OBJC_ISA_USAGE = YES_ERROR;
				CLANG_WARN_DOCUMENTATION_COMMENTS = YES;
				CLANG_WARN_EMPTY_BODY = YES;
				CLANG_WARN_ENUM_CONVERSION = YES;
				CLANG_WARN_INFINITE_RECURSION = YES;
				CLANG_WARN_INT_CONVERSION = YES;
				CLANG_WARN_NON_LITERAL_NULL_CONVERSION = YES;
				CLANG_WARN_OBJC_LITERAL_CONVERSION = YES;
				CLANG_WARN_OBJC_ROOT_CLASS = YES_ERROR;
				CLANG_WARN_RANGE_LOOP_ANALYSIS = YES;
				CLANG_WARN_STRICT_PROTOTYPES = YES;
				CLANG_WARN_SUSPICIOUS_MOVE = YES;
				CLANG_WARN_UNGUARDED_AVAILABILITY = YES_AGGRESSIVE;
				CLANG_WARN_UNREACHABLE_CODE = YES;
				CLANG_WARN__DUPLICATE_METHOD_MATCH = YES;
				CODE_SIGN_IDENTITY = "iPhone Developer";
				COPY_PHASE_STRIP = NO;
				DEBUG_INFORMATION_FORMAT = "dwarf-with-dsym";
				ENABLE_NS_ASSERTIONS = NO;
				ENABLE_STRICT_OBJC_MSGSEND = YES;
				GCC_C_LANGUAGE_STANDARD = gnu11;
				GCC_NO_COMMON_BLOCKS = YES;
				GCC_WARN_64_TO_32_BIT_CONVERSION = YES;
				GCC_WARN_ABOUT_RETURN_TYPE = YES_ERROR;
				GCC_WARN_UNDECLARED_SELECTOR = YES;
				GCC_WARN_UNINITIALIZED_AUTOS = YES_AGGRESSIVE;
				GCC_WARN_UNUSED_FUNCTION = YES;
				GCC_WARN_UNUSED_VARIABLE = YES;
				IPHONEOS_DEPLOYMENT_TARGET = 11.2;
				MTL_ENABLE_DEBUG_INFO = NO;
				SDKROOT = iphoneos;
				SWIFT_OPTIMIZATION_LEVEL = "-Owholemodule";
				VALIDATE_PRODUCT = YES;
			};
			name = Release;
		};
		B68B981E207FDBAE005EC2B0 /* Debug */ = {
			isa = XCBuildConfiguration;
			buildSettings = {
				ASSETCATALOG_COMPILER_APPICON_NAME = AppIcon;
				CODE_SIGN_STYLE = Automatic;
				INFOPLIST_FILE = HelloWorld/Info.plist;
				LD_RUNPATH_SEARCH_PATHS = "$(inherited) @executable_path/Frameworks";
				PRODUCT_BUNDLE_IDENTIFIER = com.alltricks.HelloWorld;
				PRODUCT_NAME = "$(TARGET_NAME)";
				SWIFT_VERSION = 4.0;
				TARGETED_DEVICE_FAMILY = "1,2";
			};
			name = Debug;
		};
		B68B981F207FDBAE005EC2B0 /* Release */ = {
			isa = XCBuildConfiguration;
			buildSettings = {
				ASSETCATALOG_COMPILER_APPICON_NAME = AppIcon;
				CODE_SIGN_STYLE = Automatic;
				INFOPLIST_FILE = HelloWorld/Info.plist;
				LD_RUNPATH_SEARCH_PATHS = "$(inherited) @executable_path/Frameworks";
				PRODUCT_BUNDLE_IDENTIFIER = com.alltricks.HelloWorld;
				PRODUCT_NAME = "$(TARGET_NAME)";
				SWIFT_VERSION = 4.0;
				TARGETED_DEVICE_FAMILY = "1,2";
			};
			name = Release;
		};
		B68B9821207FDBAE005EC2B0 /* Debug */ = {
			isa = XCBuildConfiguration;
			buildSettings = {
				ALWAYS_EMBED_SWIFT_STANDARD_LIBRARIES = YES;
				BUNDLE_LOADER = "$(TEST_HOST)";
				CODE_SIGN_STYLE = Automatic;
				INFOPLIST_FILE = HelloWorldTests/Info.plist;
				LD_RUNPATH_SEARCH_PATHS = "$(inherited) @executable_path/Frameworks @loader_path/Frameworks";
				PRODUCT_BUNDLE_IDENTIFIER = com.alltricks.HelloWorldTests;
				PRODUCT_NAME = "$(TARGET_NAME)";
				SWIFT_VERSION = 4.0;
				TARGETED_DEVICE_FAMILY = "1,2";
				TEST_HOST = "$(BUILT_PRODUCTS_DIR)/HelloWorld.app/HelloWorld";
			};
			name = Debug;
		};
		B68B9822207FDBAE005EC2B0 /* Release */ = {
			isa = XCBuildConfiguration;
			buildSettings = {
				ALWAYS_EMBED_SWIFT_STANDARD_LIBRARIES = YES;
				BUNDLE_LOADER = "$(TEST_HOST)";
				CODE_SIGN_STYLE = Automatic;
				INFOPLIST_FILE = HelloWorldTests/Info.plist;
				LD_RUNPATH_SEARCH_PATHS = "$(inherited) @executable_path/Frameworks @loader_path/Frameworks";
				PRODUCT_BUNDLE_IDENTIFIER = com.alltricks.HelloWorldTests;
				PRODUCT_NAME = "$(TARGET_NAME)";
				SWIFT_VERSION = 4.0;
				TARGETED_DEVICE_FAMILY = "1,2";
				TEST_HOST = "$(BUILT_PRODUCTS_DIR)/HelloWorld.app/HelloWorld";
			};
			name = Release;
		};
		B68B9824207FDBAE005EC2B0 /* Debug */ = {
			isa = XCBuildConfiguration;
			buildSettings = {
				ALWAYS_EMBED_SWIFT_STANDARD_LIBRARIES = YES;
				CODE_SIGN_STYLE = Automatic;
				INFOPLIST_FILE = HelloWorldUITests/Info.plist;
				LD_RUNPATH_SEARCH_PATHS = "$(inherited) @executable_path/Frameworks @loader_path/Frameworks";
				PRODUCT_BUNDLE_IDENTIFIER = com.alltricks.HelloWorldUITests;
				PRODUCT_NAME = "$(TARGET_NAME)";
				SWIFT_VERSION = 4.0;
				TARGETED_DEVICE_FAMILY = "1,2";
				TEST_TARGET_NAME = HelloWorld;
			};
			name = Debug;
		};
		B68B9825207FDBAE005EC2B0 /* Release */ = {
			isa = XCBuildConfiguration;
			buildSettings = {
				ALWAYS_EMBED_SWIFT_STANDARD_LIBRARIES = YES;
				CODE_SIGN_STYLE = Automatic;
				INFOPLIST_FILE = HelloWorldUITests/Info.plist;
				LD_RUNPATH_SEARCH_PATHS = "$(inherited) @executable_path/Frameworks @loader_path/Frameworks";
				PRODUCT_BUNDLE_IDENTIFIER = com.alltricks.HelloWorldUITests;
				PRODUCT_NAME = "$(TARGET_NAME)";
				SWIFT_VERSION = 4.0;
				TARGETED_DEVICE_FAMILY = "1,2";
				TEST_TARGET_NAME = HelloWorld;
			};
			name = Release;
		};
/* End XCBuildConfiguration section */

/* Begin XCConfigurationList section */
		B68B97F0207FDBAD005EC2B0 /* Build configuration list for PBXProject "HelloWorld" */ = {
			isa = XCConfigurationList;
			buildConfigurations = (
				B68B981B207FDBAE005EC2B0 /* Debug */,
				B68B981C207FDBAE005EC2B0 /* Release */,
			);
			defaultConfigurationIsVisible = 0;
			defaultConfigurationName = Release;
		};
		B68B981D207FDBAE005EC2B0 /* Build configuration list for PBXNativeTarget "HelloWorld" */ = {
			isa = XCConfigurationList;
			buildConfigurations = (
				B68B981E207FDBAE005EC2B0 /* Debug */,
				B68B981F207FDBAE005EC2B0 /* Release */,
			);
			defaultConfigurationIsVisible = 0;
			defaultConfigurationName = Release;
		};
		B68B9820207FDBAE005EC2B0 /* Build configuration list for PBXNativeTarget "HelloWorldTests" */ = {
			isa = XCConfigurationList;
			buildConfigurations = (
				B68B9821207FDBAE005EC2B0 /* Debug */,
				B68B9822207FDBAE005EC2B0 /* Release */,
			);
			defaultConfigurationIsVisible = 0;
			defaultConfigurationName = Release;
		};
		B68B9823207FDBAE005EC2B0 /* Build configuration list for PBXNativeTarget "HelloWorldUITests" */ = {
			isa = XCConfigurationList;
			buildConfigurations = (
				B68B9824207FDBAE005EC2B0 /* Debug */,
				B68B9825207FDBAE005EC2B0 /* Release */,
			);
			defaultConfigurationIsVisible = 0;
			defaultConfigurationName = Release;
		};
/* End XCConfigurationList section */
	};
	rootObject = B68B97ED207FDBAD005EC2B0 /* Project object */;
}
